
Microsoft Visual Studio Solution File, Format Version 12.00
# Visual Studio Version 17
VisualStudioVersion = 17.11.35303.130
MinimumVisualStudioVersion = 10.0.40219.1
Project("{FAE04EC0-301F-11D3-BF4B-00C04F79EFBC}") = "Prolab_4", "Prolab_4.csproj", "{AF500714-B2E1-4102-8CCC-957194081404}"
EndProject
Global
	GlobalSection(SolutionConfigurationPlatforms) = preSolution
		Debug|Any CPU = Debug|Any CPU
		Release|Any CPU = Release|Any CPU
	EndGlobalSection
	GlobalSection(ProjectConfigurationPlatforms) = postSolution
		{AF500714-B2E1-4102-8CCC-957194081404}.Debug|Any CPU.ActiveCfg = Debug|Any CPU
		{AF500714-B2E1-4102-8CCC-957194081404}.Debug|Any CPU.Build.0 = Debug|Any CPU
		{AF500714-B2E1-4102-8CCC-957194081404}.Release|Any CPU.ActiveCfg = Release|Any CPU
		{AF500714-B2E1-4102-8CCC-957194081404}.Release|Any CPU.Build.0 = Release|Any CPU
	EndGlobalSection
	GlobalSection(SolutionProperties) = preSolution
		HideSolutionNode = FALSE
	EndGlobalSection
	GlobalSection(ExtensibilityGlobals) = postSolution
		SolutionGuid = {B663E88B-64FB-4733-AC7B-893544AAA558}
	EndGlobalSection
EndGlobal
